// !$*UTF8*$!
{
	archiveVersion = 1;
	classes = {
	};
	objectVersion = 50;
	objects = {

/* Begin PBXBuildFile section */
		96032A7A26AFEDAA00419D8C /* AppDelegate.swift in Sources */ = {isa = PBXBuildFile; fileRef = 96032A7926AFEDAA00419D8C /* AppDelegate.swift */; };
		96032A7C26AFEDAA00419D8C /* SceneDelegate.swift in Sources */ = {isa = PBXBuildFile; fileRef = 96032A7B26AFEDAA00419D8C /* SceneDelegate.swift */; };
		96032A7E26AFEDAA00419D8C /* ViewController.swift in Sources */ = {isa = PBXBuildFile; fileRef = 96032A7D26AFEDAA00419D8C /* ViewController.swift */; };
		96032A8126AFEDAA00419D8C /* Main.storyboard in Resources */ = {isa = PBXBuildFile; fileRef = 96032A7F26AFEDAA00419D8C /* Main.storyboard */; };
		96032A8326AFEDAD00419D8C /* Assets.xcassets in Resources */ = {isa = PBXBuildFile; fileRef = 96032A8226AFEDAD00419D8C /* Assets.xcassets */; };
		96032A8626AFEDAD00419D8C /* LaunchScreen.storyboard in Resources */ = {isa = PBXBuildFile; fileRef = 96032A8426AFEDAD00419D8C /* LaunchScreen.storyboard */; };
		96032A9126AFEDAE00419D8C /* newsDemoTests.swift in Sources */ = {isa = PBXBuildFile; fileRef = 96032A9026AFEDAE00419D8C /* newsDemoTests.swift */; };
		96032A9C26AFEDAE00419D8C /* newsDemoUITests.swift in Sources */ = {isa = PBXBuildFile; fileRef = 96032A9B26AFEDAE00419D8C /* newsDemoUITests.swift */; };
/* End PBXBuildFile section */

/* Begin PBXContainerItemProxy section */
		96032A8D26AFEDAE00419D8C /* PBXContainerItemProxy */ = {
			isa = PBXContainerItemProxy;
			containerPortal = 96032A6E26AFEDAA00419D8C /* Project object */;
			proxyType = 1;
			remoteGlobalIDString = 96032A7526AFEDAA00419D8C;
			remoteInfo = newsDemo;
		};
		96032A9826AFEDAE00419D8C /* PBXContainerItemProxy */ = {
			isa = PBXContainerItemProxy;
			containerPortal = 96032A6E26AFEDAA00419D8C /* Project object */;
			proxyType = 1;
			remoteGlobalIDString = 96032A7526AFEDAA00419D8C;
			remoteInfo = newsDemo;
		};
/* End PBXContainerItemProxy section */

/* Begin PBXFileReference section */
		96032A7626AFEDAA00419D8C /* newsDemo.app */ = {isa = PBXFileReference; explicitFileType = wrapper.application; includeInIndex = 0; path = newsDemo.app; sourceTree = BUILT_PRODUCTS_DIR; };
		96032A7926AFEDAA00419D8C /* AppDelegate.swift */ = {isa = PBXFileReference; lastKnownFileType = sourcecode.swift; path = AppDelegate.swift; sourceTree = "<group>"; };
		96032A7B26AFEDAA00419D8C /* SceneDelegate.swift */ = {isa = PBXFileReference; lastKnownFileType = sourcecode.swift; path = SceneDelegate.swift; sourceTree = "<group>"; };
		96032A7D26AFEDAA00419D8C /* ViewController.swift */ = {isa = PBXFileReference; lastKnownFileType = sourcecode.swift; path = ViewController.swift; sourceTree = "<group>"; };
		96032A8026AFEDAA00419D8C /* Base */ = {isa = PBXFileReference; lastKnownFileType = file.storyboard; name = Base; path = Base.lproj/Main.storyboard; sourceTree = "<group>"; };
		96032A8226AFEDAD00419D8C /* Assets.xcassets */ = {isa = PBXFileReference; lastKnownFileType = folder.assetcatalog; path = Assets.xcassets; sourceTree = "<group>"; };
		96032A8526AFEDAD00419D8C /* Base */ = {isa = PBXFileReference; lastKnownFileType = file.storyboard; name = Base; path = Base.lproj/LaunchScreen.storyboard; sourceTree = "<group>"; };
		96032A8726AFEDAD00419D8C /* Info.plist */ = {isa = PBXFileReference; lastKnownFileType = text.plist.xml; path = Info.plist; sourceTree = "<group>"; };
		96032A8C26AFEDAE00419D8C /* newsDemoTests.xctest */ = {isa = PBXFileReference; explicitFileType = wrapper.cfbundle; includeInIndex = 0; path = newsDemoTests.xctest; sourceTree = BUILT_PRODUCTS_DIR; };
		96032A9026AFEDAE00419D8C /* newsDemoTests.swift */ = {isa = PBXFileReference; lastKnownFileType = sourcecode.swift; path = newsDemoTests.swift; sourceTree = "<group>"; };
		96032A9226AFEDAE00419D8C /* Info.plist */ = {isa = PBXFileReference; lastKnownFileType = text.plist.xml; path = Info.plist; sourceTree = "<group>"; };
		96032A9726AFEDAE00419D8C /* newsDemoUITests.xctest */ = {isa = PBXFileReference; explicitFileType = wrapper.cfbundle; includeInIndex = 0; path = newsDemoUITests.xctest; sourceTree = BUILT_PRODUCTS_DIR; };
		96032A9B26AFEDAE00419D8C /* newsDemoUITests.swift */ = {isa = PBXFileReference; lastKnownFileType = sourcecode.swift; path = newsDemoUITests.swift; sourceTree = "<group>"; };
		96032A9D26AFEDAE00419D8C /* Info.plist */ = {isa = PBXFileReference; lastKnownFileType = text.plist.xml; path = Info.plist; sourceTree = "<group>"; };
/* End PBXFileReference section */

/* Begin PBXFrameworksBuildPhase section */
		96032A7326AFEDAA00419D8C /* Frameworks */ = {
			isa = PBXFrameworksBuildPhase;
			buildActionMask = 2147483647;
			files = (
			);
			runOnlyForDeploymentPostprocessing = 0;
		};
		96032A8926AFEDAE00419D8C /* Frameworks */ = {
			isa = PBXFrameworksBuildPhase;
			buildActionMask = 2147483647;
			files = (
			);
			runOnlyForDeploymentPostprocessing = 0;
		};
		96032A9426AFEDAE00419D8C /* Frameworks */ = {
			isa = PBXFrameworksBuildPhase;
			buildActionMask = 2147483647;
			files = (
			);
			runOnlyForDeploymentPostprocessing = 0;
		};
/* End PBXFrameworksBuildPhase section */

/* Begin PBXGroup section */
		96032A6D26AFEDAA00419D8C = {
			isa = PBXGroup;
			children = (
				96032A7826AFEDAA00419D8C /* newsDemo */,
				96032A8F26AFEDAE00419D8C /* newsDemoTests */,
				96032A9A26AFEDAE00419D8C /* newsDemoUITests */,
				96032A7726AFEDAA00419D8C /* Products */,
			);
			sourceTree = "<group>";
		};
		96032A7726AFEDAA00419D8C /* Products */ = {
			isa = PBXGroup;
			children = (
				96032A7626AFEDAA00419D8C /* newsDemo.app */,
				96032A8C26AFEDAE00419D8C /* newsDemoTests.xctest */,
				96032A9726AFEDAE00419D8C /* newsDemoUITests.xctest */,
			);
			name = Products;
			sourceTree = "<group>";
		};
		96032A7826AFEDAA00419D8C /* newsDemo */ = {
			isa = PBXGroup;
			children = (
				96032A7926AFEDAA00419D8C /* AppDelegate.swift */,
				96032A7B26AFEDAA00419D8C /* SceneDelegate.swift */,
				96032A7D26AFEDAA00419D8C /* ViewController.swift */,
				96032A7F26AFEDAA00419D8C /* Main.storyboard */,
				96032A8226AFEDAD00419D8C /* Assets.xcassets */,
				96032A8426AFEDAD00419D8C /* LaunchScreen.storyboard */,
				96032A8726AFEDAD00419D8C /* Info.plist */,
			);
			path = newsDemo;
			sourceTree = "<group>";
		};
		96032A8F26AFEDAE00419D8C /* newsDemoTests */ = {
			isa = PBXGroup;
			children = (
				96032A9026AFEDAE00419D8C /* newsDemoTests.swift */,
				96032A9226AFEDAE00419D8C /* Info.plist */,
			);
			path = newsDemoTests;
			sourceTree = "<group>";
		};
		96032A9A26AFEDAE00419D8C /* newsDemoUITests */ = {
			isa = PBXGroup;
			children = (
				96032A9B26AFEDAE00419D8C /* newsDemoUITests.swift */,
				96032A9D26AFEDAE00419D8C /* Info.plist */,
			);
			path = newsDemoUITests;
			sourceTree = "<group>";
		};
/* End PBXGroup section */

/* Begin PBXNativeTarget section */
		96032A7526AFEDAA00419D8C /* newsDemo */ = {
			isa = PBXNativeTarget;
			buildConfigurationList = 96032AA026AFEDAE00419D8C /* Build configuration list for PBXNativeTarget "newsDemo" */;
			buildPhases = (
				96032A7226AFEDAA00419D8C /* Sources */,
				96032A7326AFEDAA00419D8C /* Frameworks */,
				96032A7426AFEDAA00419D8C /* Resources */,
			);
			buildRules = (
			);
			dependencies = (
			);
			name = newsDemo;
			productName = newsDemo;
			productReference = 96032A7626AFEDAA00419D8C /* newsDemo.app */;
			productType = "com.apple.product-type.application";
		};
		96032A8B26AFEDAE00419D8C /* newsDemoTests */ = {
			isa = PBXNativeTarget;
			buildConfigurationList = 96032AA326AFEDAE00419D8C /* Build configuration list for PBXNativeTarget "newsDemoTests" */;
			buildPhases = (
				96032A8826AFEDAE00419D8C /* Sources */,
				96032A8926AFEDAE00419D8C /* Frameworks */,
				96032A8A26AFEDAE00419D8C /* Resources */,
			);
			buildRules = (
			);
			dependencies = (
				96032A8E26AFEDAE00419D8C /* PBXTargetDependency */,
			);
			name = newsDemoTests;
			productName = newsDemoTests;
			productReference = 96032A8C26AFEDAE00419D8C /* newsDemoTests.xctest */;
			productType = "com.apple.product-type.bundle.unit-test";
		};
		96032A9626AFEDAE00419D8C /* newsDemoUITests */ = {
			isa = PBXNativeTarget;
			buildConfigurationList = 96032AA626AFEDAE00419D8C /* Build configuration list for PBXNativeTarget "newsDemoUITests" */;
			buildPhases = (
				96032A9326AFEDAE00419D8C /* Sources */,
				96032A9426AFEDAE00419D8C /* Frameworks */,
				96032A9526AFEDAE00419D8C /* Resources */,
			);
			buildRules = (
			);
			dependencies = (
				96032A9926AFEDAE00419D8C /* PBXTargetDependency */,
			);
			name = newsDemoUITests;
			productName = newsDemoUITests;
			productReference = 96032A9726AFEDAE00419D8C /* newsDemoUITests.xctest */;
			productType = "com.apple.product-type.bundle.ui-testing";
		};
/* End PBXNativeTarget section */

/* Begin PBXProject section */
		96032A6E26AFEDAA00419D8C /* Project object */ = {
			isa = PBXProject;
			attributes = {
				LastSwiftUpdateCheck = 1240;
				LastUpgradeCheck = 1240;
				TargetAttributes = {
					96032A7526AFEDAA00419D8C = {
						CreatedOnToolsVersion = 12.4;
					};
					96032A8B26AFEDAE00419D8C = {
						CreatedOnToolsVersion = 12.4;
						TestTargetID = 96032A7526AFEDAA00419D8C;
					};
					96032A9626AFEDAE00419D8C = {
						CreatedOnToolsVersion = 12.4;
						TestTargetID = 96032A7526AFEDAA00419D8C;
					};
				};
			};
			buildConfigurationList = 96032A7126AFEDAA00419D8C /* Build configuration list for PBXProject "newsDemo" */;
			compatibilityVersion = "Xcode 9.3";
			developmentRegion = en;
			hasScannedForEncodings = 0;
			knownRegions = (
				en,
				Base,
			);
			mainGroup = 96032A6D26AFEDAA00419D8C;
			productRefGroup = 96032A7726AFEDAA00419D8C /* Products */;
			projectDirPath = "";
			projectRoot = "";
			targets = (
				96032A7526AFEDAA00419D8C /* newsDemo */,
				96032A8B26AFEDAE00419D8C /* newsDemoTests */,
				96032A9626AFEDAE00419D8C /* newsDemoUITests */,
			);
		};
/* End PBXProject section */

/* Begin PBXResourcesBuildPhase section */
		96032A7426AFEDAA00419D8C /* Resources */ = {
			isa = PBXResourcesBuildPhase;
			buildActionMask = 2147483647;
			files = (
				96032A8626AFEDAD00419D8C /* LaunchScreen.storyboard in Resources */,
				96032A8326AFEDAD00419D8C /* Assets.xcassets in Resources */,
				96032A8126AFEDAA00419D8C /* Main.storyboard in Resources */,
			);
			runOnlyForDeploymentPostprocessing = 0;
		};
		96032A8A26AFEDAE00419D8C /* Resources */ = {
			isa = PBXResourcesBuildPhase;
			buildActionMask = 2147483647;
			files = (
			);
			runOnlyForDeploymentPostprocessing = 0;
		};
		96032A9526AFEDAE00419D8C /* Resources */ = {
			isa = PBXResourcesBuildPhase;
			buildActionMask = 2147483647;
			files = (
			);
			runOnlyForDeploymentPostprocessing = 0;
		};
/* End PBXResourcesBuildPhase section */

/* Begin PBXSourcesBuildPhase section */
		96032A7226AFEDAA00419D8C /* Sources */ = {
			isa = PBXSourcesBuildPhase;
			buildActionMask = 2147483647;
			files = (
				96032A7E26AFEDAA00419D8C /* ViewController.swift in Sources */,
				96032A7A26AFEDAA00419D8C /* AppDelegate.swift in Sources */,
				96032A7C26AFEDAA00419D8C /* SceneDelegate.swift in Sources */,
			);
			runOnlyForDeploymentPostprocessing = 0;
		};
		96032A8826AFEDAE00419D8C /* Sources */ = {
			isa = PBXSourcesBuildPhase;
			buildActionMask = 2147483647;
			files = (
				96032A9126AFEDAE00419D8C /* newsDemoTests.swift in Sources */,
			);
			runOnlyForDeploymentPostprocessing = 0;
		};
		96032A9326AFEDAE00419D8C /* Sources */ = {
			isa = PBXSourcesBuildPhase;
			buildActionMask = 2147483647;
			files = (
				96032A9C26AFEDAE00419D8C /* newsDemoUITests.swift in Sources */,
			);
			runOnlyForDeploymentPostprocessing = 0;
		};
/* End PBXSourcesBuildPhase section */

/* Begin PBXTargetDependency section */
		96032A8E26AFEDAE00419D8C /* PBXTargetDependency */ = {
			isa = PBXTargetDependency;
			target = 96032A7526AFEDAA00419D8C /* newsDemo */;
			targetProxy = 96032A8D26AFEDAE00419D8C /* PBXContainerItemProxy */;
		};
		96032A9926AFEDAE00419D8C /* PBXTargetDependency */ = {
			isa = PBXTargetDependency;
			target = 96032A7526AFEDAA00419D8C /* newsDemo */;
			targetProxy = 96032A9826AFEDAE00419D8C /* PBXContainerItemProxy */;
		};
/* End PBXTargetDependency section */

/* Begin PBXVariantGroup section */
		96032A7F26AFEDAA00419D8C /* Main.storyboard */ = {
			isa = PBXVariantGroup;
			children = (
				96032A8026AFEDAA00419D8C /* Base */,
			);
			name = Main.storyboard;
			sourceTree = "<group>";
		};
		96032A8426AFEDAD00419D8C /* LaunchScreen.storyboard */ = {
			isa = PBXVariantGroup;
			children = (
				96032A8526AFEDAD00419D8C /* Base */,
			);
			name = LaunchScreen.storyboard;
			sourceTree = "<group>";
		};
/* End PBXVariantGroup section */

/* Begin XCBuildConfiguration section */
		96032A9E26AFEDAE00419D8C /* Debug */ = {
			isa = XCBuildConfiguration;
			buildSettings = {
				ALWAYS_SEARCH_USER_PATHS = NO;
				CLANG_ANALYZER_NONNULL = YES;
				CLANG_ANALYZER_NUMBER_OBJECT_CONVERSION = YES_AGGRESSIVE;
				CLANG_CXX_LANGUAGE_STANDARD = "gnu++14";
				CLANG_CXX_LIBRARY = "libc++";
				CLANG_ENABLE_MODULES = YES;
				CLANG_ENABLE_OBJC_ARC = YES;
				CLANG_ENABLE_OBJC_WEAK = YES;
				CLANG_WARN_BLOCK_CAPTURE_AUTORELEASING = YES;
				CLANG_WARN_BOOL_CONVERSION = YES;
				CLANG_WARN_COMMA = YES;
				CLANG_WARN_CONSTANT_CONVERSION = YES;
				CLANG_WARN_DEPRECATED_OBJC_IMPLEMENTATIONS = YES;
				CLANG_WARN_DIRECT_OBJC_ISA_USAGE = YES_ERROR;
				CLANG_WARN_DOCUMENTATION_COMMENTS = YES;
				CLANG_WARN_EMPTY_BODY = YES;
				CLANG_WARN_ENUM_CONVERSION = YES;
				CLANG_WARN_INFINITE_RECURSION = YES;
				CLANG_WARN_INT_CONVERSION = YES;
				CLANG_WARN_NON_LITERAL_NULL_CONVERSION = YES;
				CLANG_WARN_OBJC_IMPLICIT_RETAIN_SELF = YES;
				CLANG_WARN_OBJC_LITERAL_CONVERSION = YES;
				CLANG_WARN_OBJC_ROOT_CLASS = YES_ERROR;
				CLANG_WARN_QUOTED_INCLUDE_IN_FRAMEWORK_HEADER = YES;
				CLANG_WARN_RANGE_LOOP_ANALYSIS = YES;
				CLANG_WARN_STRICT_PROTOTYPES = YES;
				CLANG_WARN_SUSPICIOUS_MOVE = YES;
				CLANG_WARN_UNGUARDED_AVAILABILITY = YES_AGGRESSIVE;
				CLANG_WARN_UNREACHABLE_CODE = YES;
				CLANG_WARN__DUPLICATE_METHOD_MATCH = YES;
				COPY_PHASE_STRIP = NO;
				DEBUG_INFORMATION_FORMAT = dwarf;
				ENABLE_STRICT_OBJC_MSGSEND = YES;
				ENABLE_TESTABILITY = YES;
				GCC_C_LANGUAGE_STANDARD = gnu11;
				GCC_DYNAMIC_NO_PIC = NO;
				GCC_NO_COMMON_BLOCKS = YES;
				GCC_OPTIMIZATION_LEVEL = 0;
				GCC_PREPROCESSOR_DEFINITIONS = (
					"DEBUG=1",
					"$(inherited)",
				);
				GCC_WARN_64_TO_32_BIT_CONVERSION = YES;
				GCC_WARN_ABOUT_RETURN_TYPE = YES_ERROR;
				GCC_WARN_UNDECLARED_SELECTOR = YES;
				GCC_WARN_UNINITIALIZED_AUTOS = YES_AGGRESSIVE;
				GCC_WARN_UNUSED_FUNCTION = YES;
				GCC_WARN_UNUSED_VARIABLE = YES;
				IPHONEOS_DEPLOYMENT_TARGET = 14.4;
				MTL_ENABLE_DEBUG_INFO = INCLUDE_SOURCE;
				MTL_FAST_MATH = YES;
				ONLY_ACTIVE_ARCH = YES;
				SDKROOT = iphoneos;
				SWIFT_ACTIVE_COMPILATION_CONDITIONS = DEBUG;
				SWIFT_OPTIMIZATION_LEVEL = "-Onone";
			};
			name = Debug;
		};
		96032A9F26AFEDAE00419D8C /* Release */ = {
			isa = XCBuildConfiguration;
			buildSettings = {
				ALWAYS_SEARCH_USER_PATHS = NO;
				CLANG_ANALYZER_NONNULL = YES;
				CLANG_ANALYZER_NUMBER_OBJECT_CONVERSION = YES_AGGRESSIVE;
				CLANG_CXX_LANGUAGE_STANDARD = "gnu++14";
				CLANG_CXX_LIBRARY = "libc++";
				CLANG_ENABLE_MODULES = YES;
				CLANG_ENABLE_OBJC_ARC = YES;
				CLANG_ENABLE_OBJC_WEAK = YES;
				CLANG_WARN_BLOCK_CAPTURE_AUTORELEASING = YES;
				CLANG_WARN_BOOL_CONVERSION = YES;
				CLANG_WARN_COMMA = YES;
				CLANG_WARN_CONSTANT_CONVERSION = YES;
				CLANG_WARN_DEPRECATED_OBJC_IMPLEMENTATIONS = YES;
				CLANG_WARN_DIRECT_OBJC_ISA_USAGE = YES_ERROR;
				CLANG_WARN_DOCUMENTATION_COMMENTS = YES;
				CLANG_WARN_EMPTY_BODY = YES;
				CLANG_WARN_ENUM_CONVERSION = YES;
				CLANG_WARN_INFINITE_RECURSION = YES;
				CLANG_WARN_INT_CONVERSION = YES;
				CLANG_WARN_NON_LITERAL_NULL_CONVERSION = YES;
				CLANG_WARN_OBJC_IMPLICIT_RETAIN_SELF = YES;
				CLANG_WARN_OBJC_LITERAL_CONVERSION = YES;
				CLANG_WARN_OBJC_ROOT_CLASS = YES_ERROR;
				CLANG_WARN_QUOTED_INCLUDE_IN_FRAMEWORK_HEADER = YES;
				CLANG_WARN_RANGE_LOOP_ANALYSIS = YES;
				CLANG_WARN_STRICT_PROTOTYPES = YES;
				CLANG_WARN_SUSPICIOUS_MOVE = YES;
				CLANG_WARN_UNGUARDED_AVAILABILITY = YES_AGGRESSIVE;
				CLANG_WARN_UNREACHABLE_CODE = YES;
				CLANG_WARN__DUPLICATE_METHOD_MATCH = YES;
				COPY_PHASE_STRIP = NO;
				DEBUG_INFORMATION_FORMAT = "dwarf-with-dsym";
				ENABLE_NS_ASSERTIONS = NO;
				ENABLE_STRICT_OBJC_MSGSEND = YES;
				GCC_C_LANGUAGE_STANDARD = gnu11;
				GCC_NO_COMMON_BLOCKS = YES;
				GCC_WARN_64_TO_32_BIT_CONVERSION = YES;
				GCC_WARN_ABOUT_RETURN_TYPE = YES_ERROR;
				GCC_WARN_UNDECLARED_SELECTOR = YES;
				GCC_WARN_UNINITIALIZED_AUTOS = YES_AGGRESSIVE;
				GCC_WARN_UNUSED_FUNCTION = YES;
				GCC_WARN_UNUSED_VARIABLE = YES;
				IPHONEOS_DEPLOYMENT_TARGET = 14.4;
				MTL_ENABLE_DEBUG_INFO = NO;
				MTL_FAST_MATH = YES;
				SDKROOT = iphoneos;
				SWIFT_COMPILATION_MODE = wholemodule;
				SWIFT_OPTIMIZATION_LEVEL = "-O";
				VALIDATE_PRODUCT = YES;
			};
			name = Release;
		};
		96032AA126AFEDAE00419D8C /* Debug */ = {
			isa = XCBuildConfiguration;
			buildSettings = {
				ASSETCATALOG_COMPILER_APPICON_NAME = AppIcon;
				ASSETCATALOG_COMPILER_GLOBAL_ACCENT_COLOR_NAME = AccentColor;
				CODE_SIGN_STYLE = Automatic;
				DEVELOPMENT_TEAM = 5A8J3H9TB9;
				INFOPLIST_FILE = newsDemo/Info.plist;
				LD_RUNPATH_SEARCH_PATHS = (
					"$(inherited)",
					"@executable_path/Frameworks",
				);
				PRODUCT_BUNDLE_IDENTIFIER = demo.newsDemo;
				PRODUCT_NAME = "$(TARGET_NAME)";
				SWIFT_VERSION = 5.0;
				TARGETED_DEVICE_FAMILY = "1,2";
			};
			name = Debug;
		};
		96032AA226AFEDAE00419D8C /* Release */ = {
			isa = XCBuildConfiguration;
			buildSettings = {
				ASSETCATALOG_COMPILER_APPICON_NAME = AppIcon;
				ASSETCATALOG_COMPILER_GLOBAL_ACCENT_COLOR_NAME = AccentColor;
				CODE_SIGN_STYLE = Automatic;
				DEVELOPMENT_TEAM = 5A8J3H9TB9;
				INFOPLIST_FILE = newsDemo/Info.plist;
				LD_RUNPATH_SEARCH_PATHS = (
					"$(inherited)",
					"@executable_path/Frameworks",
				);
				PRODUCT_BUNDLE_IDENTIFIER = demo.newsDemo;
				PRODUCT_NAME = "$(TARGET_NAME)";
				SWIFT_VERSION = 5.0;
				TARGETED_DEVICE_FAMILY = "1,2";
			};
			name = Release;
		};
		96032AA426AFEDAE00419D8C /* Debug */ = {
			isa = XCBuildConfiguration;
			buildSettings = {
				ALWAYS_EMBED_SWIFT_STANDARD_LIBRARIES = YES;
				BUNDLE_LOADER = "$(TEST_HOST)";
				CODE_SIGN_STYLE = Automatic;
				DEVELOPMENT_TEAM = 5A8J3H9TB9;
				INFOPLIST_FILE = newsDemoTests/Info.plist;
				IPHONEOS_DEPLOYMENT_TARGET = 14.4;
				LD_RUNPATH_SEARCH_PATHS = (
					"$(inherited)",
					"@executable_path/Frameworks",
					"@loader_path/Frameworks",
				);
				PRODUCT_BUNDLE_IDENTIFIER = demo.newsDemoTests;
				PRODUCT_NAME = "$(TARGET_NAME)";
				SWIFT_VERSION = 5.0;
				TARGETED_DEVICE_FAMILY = "1,2";
				TEST_HOST = "$(BUILT_PRODUCTS_DIR)/newsDemo.app/newsDemo";
			};
			name = Debug;
		};
		96032AA526AFEDAE00419D8C /* Release */ = {
			isa = XCBuildConfiguration;
			buildSettings = {
				ALWAYS_EMBED_SWIFT_STANDARD_LIBRARIES = YES;
				BUNDLE_LOADER = "$(TEST_HOST)";
				CODE_SIGN_STYLE = Automatic;
				DEVELOPMENT_TEAM = 5A8J3H9TB9;
				INFOPLIST_FILE = newsDemoTests/Info.plist;
				IPHONEOS_DEPLOYMENT_TARGET = 14.4;
				LD_RUNPATH_SEARCH_PATHS = (
					"$(inherited)",
					"@executable_path/Frameworks",
					"@loader_path/Frameworks",
				);
				PRODUCT_BUNDLE_IDENTIFIER = demo.newsDemoTests;
				PRODUCT_NAME = "$(TARGET_NAME)";
				SWIFT_VERSION = 5.0;
				TARGETED_DEVICE_FAMILY = "1,2";
				TEST_HOST = "$(BUILT_PRODUCTS_DIR)/newsDemo.app/newsDemo";
			};
			name = Release;
		};
		96032AA726AFEDAE00419D8C /* Debug */ = {
			isa = XCBuildConfiguration;
			buildSettings = {
				ALWAYS_EMBED_SWIFT_STANDARD_LIBRARIES = YES;
				CODE_SIGN_STYLE = Automatic;
				DEVELOPMENT_TEAM = 5A8J3H9TB9;
				INFOPLIST_FILE = newsDemoUITests/Info.plist;
				LD_RUNPATH_SEARCH_PATHS = (
					"$(inherited)",
					"@executable_path/Frameworks",
					"@loader_path/Frameworks",
				);
				PRODUCT_BUNDLE_IDENTIFIER = demo.newsDemoUITests;
				PRODUCT_NAME = "$(TARGET_NAME)";
				SWIFT_VERSION = 5.0;
				TARGETED_DEVICE_FAMILY = "1,2";
				TEST_TARGET_NAME = newsDemo;
			};
			name = Debug;
		};
		96032AA826AFEDAE00419D8C /* Release */ = {
			isa = XCBuildConfiguration;
			buildSettings = {
				ALWAYS_EMBED_SWIFT_STANDARD_LIBRARIES = YES;
				CODE_SIGN_STYLE = Automatic;
				DEVELOPMENT_TEAM = 5A8J3H9TB9;
				INFOPLIST_FILE = newsDemoUITests/Info.plist;
				LD_RUNPATH_SEARCH_PATHS = (
					"$(inherited)",
					"@executable_path/Frameworks",
					"@loader_path/Frameworks",
				);
				PRODUCT_BUNDLE_IDENTIFIER = demo.newsDemoUITests;
				PRODUCT_NAME = "$(TARGET_NAME)";
				SWIFT_VERSION = 5.0;
				TARGETED_DEVICE_FAMILY = "1,2";
				TEST_TARGET_NAME = newsDemo;
			};
			name = Release;
		};
/* End XCBuildConfiguration section */

/* Begin XCConfigurationList section */
		96032A7126AFEDAA00419D8C /* Build configuration list for PBXProject "newsDemo" */ = {
			isa = XCConfigurationList;
			buildConfigurations = (
				96032A9E26AFEDAE00419D8C /* Debug */,
				96032A9F26AFEDAE00419D8C /* Release */,
			);
			defaultConfigurationIsVisible = 0;
			defaultConfigurationName = Release;
		};
		96032AA026AFEDAE00419D8C /* Build configuration list for PBXNativeTarget "newsDemo" */ = {
			isa = XCConfigurationList;
			buildConfigurations = (
				96032AA126AFEDAE00419D8C /* Debug */,
				96032AA226AFEDAE00419D8C /* Release */,
			);
			defaultConfigurationIsVisible = 0;
			defaultConfigurationName = Release;
		};
		96032AA326AFEDAE00419D8C /* Build configuration list for PBXNativeTarget "newsDemoTests" */ = {
			isa = XCConfigurationList;
			buildConfigurations = (
				96032AA426AFEDAE00419D8C /* Debug */,
				96032AA526AFEDAE00419D8C /* Release */,
			);
			defaultConfigurationIsVisible = 0;
			defaultConfigurationName = Release;
		};
		96032AA626AFEDAE00419D8C /* Build configuration list for PBXNativeTarget "newsDemoUITests" */ = {
			isa = XCConfigurationList;
			buildConfigurations = (
				96032AA726AFEDAE00419D8C /* Debug */,
				96032AA826AFEDAE00419D8C /* Release */,
			);
			defaultConfigurationIsVisible = 0;
			defaultConfigurationName = Release;
		};
/* End XCConfigurationList section */
	};
	rootObject = 96032A6E26AFEDAA00419D8C /* Project object */;
}
